
Microsoft Visual Studio Solution File, Format Version 12.00
# Visual Studio Version 16
VisualStudioVersion = 16.0.30204.135
MinimumVisualStudioVersion = 10.0.40219.1
Project("{FAE04EC0-301F-11D3-BF4B-00C04F79EFBC}") = "OSFENIXGDI2", "OSFENIXGDI2\OSFENIXGDI2.csproj", "{8F2F90D8-43A2-4903-9444-D16B13FF4E0B}"
EndProject
Global
	GlobalSection(SolutionConfigurationPlatforms) = preSolution
		Debug|Any CPU = Debug|Any CPU
		Release|Any CPU = Release|Any CPU
	EndGlobalSection
	GlobalSection(ProjectConfigurationPlatforms) = postSolution
		{8F2F90D8-43A2-4903-9444-D16B13FF4E0B}.Debug|Any CPU.ActiveCfg = Debug|Any CPU
		{8F2F90D8-43A2-4903-9444-D16B13FF4E0B}.Debug|Any CPU.Build.0 = Debug|Any CPU
		{8F2F90D8-43A2-4903-9444-D16B13FF4E0B}.Release|Any CPU.ActiveCfg = Release|Any CPU
		{8F2F90D8-43A2-4903-9444-D16B13FF4E0B}.Release|Any CPU.Build.0 = Release|Any CPU
	EndGlobalSection
	GlobalSection(SolutionProperties) = preSolution
		HideSolutionNode = FALSE
	EndGlobalSection
	GlobalSection(ExtensibilityGlobals) = postSolution
		SolutionGuid = {209939C4-73A2-4EA3-AF9F-3348ADA0B924}
	EndGlobalSection
EndGlobal
